// !$*UTF8*$!
{
	archiveVersion = 1;
	classes = {
	};
	objectVersion = 46;
	objects = {

/* Begin PBXBuildFile section */
		7D7B5A4914936B700016505D /* UIKit.framework in Frameworks */ = {isa = PBXBuildFile; fileRef = 7D7B5A4814936B700016505D /* UIKit.framework */; };
		7D7B5A4B14936B700016505D /* Foundation.framework in Frameworks */ = {isa = PBXBuildFile; fileRef = 7D7B5A4A14936B700016505D /* Foundation.framework */; };
		7D7B5A4D14936B700016505D /* CoreGraphics.framework in Frameworks */ = {isa = PBXBuildFile; fileRef = 7D7B5A4C14936B700016505D /* CoreGraphics.framework */; };
		7D7B5A5314936B700016505D /* InfoPlist.strings in Resources */ = {isa = PBXBuildFile; fileRef = 7D7B5A5114936B700016505D /* InfoPlist.strings */; };
		7D7B5A5514936B700016505D /* main.m in Sources */ = {isa = PBXBuildFile; fileRef = 7D7B5A5414936B700016505D /* main.m */; };
		7D7B5A5914936B700016505D /* AppDelegate.m in Sources */ = {isa = PBXBuildFile; fileRef = 7D7B5A5814936B700016505D /* AppDelegate.m */; };
		7D7B5A5C14936B700016505D /* ViewController.m in Sources */ = {isa = PBXBuildFile; fileRef = 7D7B5A5B14936B700016505D /* ViewController.m */; };
		7D7B5A5F14936B700016505D /* ViewController.xib in Resources */ = {isa = PBXBuildFile; fileRef = 7D7B5A5D14936B700016505D /* ViewController.xib */; };
		7D7B5A6714936B700016505D /* SenTestingKit.framework in Frameworks */ = {isa = PBXBuildFile; fileRef = 7D7B5A6614936B700016505D /* SenTestingKit.framework */; };
		7D7B5A6814936B700016505D /* UIKit.framework in Frameworks */ = {isa = PBXBuildFile; fileRef = 7D7B5A4814936B700016505D /* UIKit.framework */; };
		7D7B5A6914936B700016505D /* Foundation.framework in Frameworks */ = {isa = PBXBuildFile; fileRef = 7D7B5A4A14936B700016505D /* Foundation.framework */; };
		7D7B5A7114936B700016505D /* InfoPlist.strings in Resources */ = {isa = PBXBuildFile; fileRef = 7D7B5A6F14936B700016505D /* InfoPlist.strings */; };
		7D7B5A7414936B700016505D /* SampleWebViewWithUIScrollViewDelegateTests.m in Sources */ = {isa = PBXBuildFile; fileRef = 7D7B5A7314936B700016505D /* SampleWebViewWithUIScrollViewDelegateTests.m */; };
/* End PBXBuildFile section */

/* Begin PBXContainerItemProxy section */
		7D7B5A6A14936B700016505D /* PBXContainerItemProxy */ = {
			isa = PBXContainerItemProxy;
			containerPortal = 7D7B5A3B14936B700016505D /* Project object */;
			proxyType = 1;
			remoteGlobalIDString = 7D7B5A4314936B700016505D;
			remoteInfo = SampleWebViewWithUIScrollViewDelegate;
		};
/* End PBXContainerItemProxy section */

/* Begin PBXFileReference section */
		7D7B5A4414936B700016505D /* SampleWebViewWithUIScrollViewDelegate.app */ = {isa = PBXFileReference; explicitFileType = wrapper.application; includeInIndex = 0; path = SampleWebViewWithUIScrollViewDelegate.app; sourceTree = BUILT_PRODUCTS_DIR; };
		7D7B5A4814936B700016505D /* UIKit.framework */ = {isa = PBXFileReference; lastKnownFileType = wrapper.framework; name = UIKit.framework; path = System/Library/Frameworks/UIKit.framework; sourceTree = SDKROOT; };
		7D7B5A4A14936B700016505D /* Foundation.framework */ = {isa = PBXFileReference; lastKnownFileType = wrapper.framework; name = Foundation.framework; path = System/Library/Frameworks/Foundation.framework; sourceTree = SDKROOT; };
		7D7B5A4C14936B700016505D /* CoreGraphics.framework */ = {isa = PBXFileReference; lastKnownFileType = wrapper.framework; name = CoreGraphics.framework; path = System/Library/Frameworks/CoreGraphics.framework; sourceTree = SDKROOT; };
		7D7B5A5014936B700016505D /* SampleWebViewWithUIScrollViewDelegate-Info.plist */ = {isa = PBXFileReference; lastKnownFileType = text.plist.xml; path = "SampleWebViewWithUIScrollViewDelegate-Info.plist"; sourceTree = "<group>"; };
		7D7B5A5214936B700016505D /* en */ = {isa = PBXFileReference; lastKnownFileType = text.plist.strings; name = en; path = en.lproj/InfoPlist.strings; sourceTree = "<group>"; };
		7D7B5A5414936B700016505D /* main.m */ = {isa = PBXFileReference; lastKnownFileType = sourcecode.c.objc; path = main.m; sourceTree = "<group>"; };
		7D7B5A5614936B700016505D /* SampleWebViewWithUIScrollViewDelegate-Prefix.pch */ = {isa = PBXFileReference; lastKnownFileType = sourcecode.c.h; path = "SampleWebViewWithUIScrollViewDelegate-Prefix.pch"; sourceTree = "<group>"; };
		7D7B5A5714936B700016505D /* AppDelegate.h */ = {isa = PBXFileReference; lastKnownFileType = sourcecode.c.h; path = AppDelegate.h; sourceTree = "<group>"; };
		7D7B5A5814936B700016505D /* AppDelegate.m */ = {isa = PBXFileReference; lastKnownFileType = sourcecode.c.objc; path = AppDelegate.m; sourceTree = "<group>"; };
		7D7B5A5A14936B700016505D /* ViewController.h */ = {isa = PBXFileReference; lastKnownFileType = sourcecode.c.h; path = ViewController.h; sourceTree = "<group>"; };
		7D7B5A5B14936B700016505D /* ViewController.m */ = {isa = PBXFileReference; lastKnownFileType = sourcecode.c.objc; path = ViewController.m; sourceTree = "<group>"; };
		7D7B5A5E14936B700016505D /* en */ = {isa = PBXFileReference; lastKnownFileType = file.xib; name = en; path = en.lproj/ViewController.xib; sourceTree = "<group>"; };
		7D7B5A6514936B700016505D /* SampleWebViewWithUIScrollViewDelegateTests.octest */ = {isa = PBXFileReference; explicitFileType = wrapper.cfbundle; includeInIndex = 0; path = SampleWebViewWithUIScrollViewDelegateTests.octest; sourceTree = BUILT_PRODUCTS_DIR; };
		7D7B5A6614936B700016505D /* SenTestingKit.framework */ = {isa = PBXFileReference; lastKnownFileType = wrapper.framework; name = SenTestingKit.framework; path = Library/Frameworks/SenTestingKit.framework; sourceTree = DEVELOPER_DIR; };
		7D7B5A6E14936B700016505D /* SampleWebViewWithUIScrollViewDelegateTests-Info.plist */ = {isa = PBXFileReference; lastKnownFileType = text.plist.xml; path = "SampleWebViewWithUIScrollViewDelegateTests-Info.plist"; sourceTree = "<group>"; };
		7D7B5A7014936B700016505D /* en */ = {isa = PBXFileReference; lastKnownFileType = text.plist.strings; name = en; path = en.lproj/InfoPlist.strings; sourceTree = "<group>"; };
		7D7B5A7214936B700016505D /* SampleWebViewWithUIScrollViewDelegateTests.h */ = {isa = PBXFileReference; lastKnownFileType = sourcecode.c.h; path = SampleWebViewWithUIScrollViewDelegateTests.h; sourceTree = "<group>"; };
		7D7B5A7314936B700016505D /* SampleWebViewWithUIScrollViewDelegateTests.m */ = {isa = PBXFileReference; lastKnownFileType = sourcecode.c.objc; path = SampleWebViewWithUIScrollViewDelegateTests.m; sourceTree = "<group>"; };
/* End PBXFileReference section */

/* Begin PBXFrameworksBuildPhase section */
		7D7B5A4114936B700016505D /* Frameworks */ = {
			isa = PBXFrameworksBuildPhase;
			buildActionMask = 2147483647;
			files = (
				7D7B5A4914936B700016505D /* UIKit.framework in Frameworks */,
				7D7B5A4B14936B700016505D /* Foundation.framework in Frameworks */,
				7D7B5A4D14936B700016505D /* CoreGraphics.framework in Frameworks */,
			);
			runOnlyForDeploymentPostprocessing = 0;
		};
		7D7B5A6114936B700016505D /* Frameworks */ = {
			isa = PBXFrameworksBuildPhase;
			buildActionMask = 2147483647;
			files = (
				7D7B5A6714936B700016505D /* SenTestingKit.framework in Frameworks */,
				7D7B5A6814936B700016505D /* UIKit.framework in Frameworks */,
				7D7B5A6914936B700016505D /* Foundation.framework in Frameworks */,
			);
			runOnlyForDeploymentPostprocessing = 0;
		};
/* End PBXFrameworksBuildPhase section */

/* Begin PBXGroup section */
		7D7B5A3914936B700016505D = {
			isa = PBXGroup;
			children = (
				7D7B5A4E14936B700016505D /* SampleWebViewWithUIScrollViewDelegate */,
				7D7B5A6C14936B700016505D /* SampleWebViewWithUIScrollViewDelegateTests */,
				7D7B5A4714936B700016505D /* Frameworks */,
				7D7B5A4514936B700016505D /* Products */,
			);
			sourceTree = "<group>";
		};
		7D7B5A4514936B700016505D /* Products */ = {
			isa = PBXGroup;
			children = (
				7D7B5A4414936B700016505D /* SampleWebViewWithUIScrollViewDelegate.app */,
				7D7B5A6514936B700016505D /* SampleWebViewWithUIScrollViewDelegateTests.octest */,
			);
			name = Products;
			sourceTree = "<group>";
		};
		7D7B5A4714936B700016505D /* Frameworks */ = {
			isa = PBXGroup;
			children = (
				7D7B5A4814936B700016505D /* UIKit.framework */,
				7D7B5A4A14936B700016505D /* Foundation.framework */,
				7D7B5A4C14936B700016505D /* CoreGraphics.framework */,
				7D7B5A6614936B700016505D /* SenTestingKit.framework */,
			);
			name = Frameworks;
			sourceTree = "<group>";
		};
		7D7B5A4E14936B700016505D /* SampleWebViewWithUIScrollViewDelegate */ = {
			isa = PBXGroup;
			children = (
				7D7B5A5714936B700016505D /* AppDelegate.h */,
				7D7B5A5814936B700016505D /* AppDelegate.m */,
				7D7B5A5A14936B700016505D /* ViewController.h */,
				7D7B5A5B14936B700016505D /* ViewController.m */,
				7D7B5A5D14936B700016505D /* ViewController.xib */,
				7D7B5A4F14936B700016505D /* Supporting Files */,
			);
			path = SampleWebViewWithUIScrollViewDelegate;
			sourceTree = "<group>";
		};
		7D7B5A4F14936B700016505D /* Supporting Files */ = {
			isa = PBXGroup;
			children = (
				7D7B5A5014936B700016505D /* SampleWebViewWithUIScrollViewDelegate-Info.plist */,
				7D7B5A5114936B700016505D /* InfoPlist.strings */,
				7D7B5A5414936B700016505D /* main.m */,
				7D7B5A5614936B700016505D /* SampleWebViewWithUIScrollViewDelegate-Prefix.pch */,
			);
			name = "Supporting Files";
			sourceTree = "<group>";
		};
		7D7B5A6C14936B700016505D /* SampleWebViewWithUIScrollViewDelegateTests */ = {
			isa = PBXGroup;
			children = (
				7D7B5A7214936B700016505D /* SampleWebViewWithUIScrollViewDelegateTests.h */,
				7D7B5A7314936B700016505D /* SampleWebViewWithUIScrollViewDelegateTests.m */,
				7D7B5A6D14936B700016505D /* Supporting Files */,
			);
			path = SampleWebViewWithUIScrollViewDelegateTests;
			sourceTree = "<group>";
		};
		7D7B5A6D14936B700016505D /* Supporting Files */ = {
			isa = PBXGroup;
			children = (
				7D7B5A6E14936B700016505D /* SampleWebViewWithUIScrollViewDelegateTests-Info.plist */,
				7D7B5A6F14936B700016505D /* InfoPlist.strings */,
			);
			name = "Supporting Files";
			sourceTree = "<group>";
		};
/* End PBXGroup section */

/* Begin PBXNativeTarget section */
		7D7B5A4314936B700016505D /* SampleWebViewWithUIScrollViewDelegate */ = {
			isa = PBXNativeTarget;
			buildConfigurationList = 7D7B5A7714936B700016505D /* Build configuration list for PBXNativeTarget "SampleWebViewWithUIScrollViewDelegate" */;
			buildPhases = (
				7D7B5A4014936B700016505D /* Sources */,
				7D7B5A4114936B700016505D /* Frameworks */,
				7D7B5A4214936B700016505D /* Resources */,
			);
			buildRules = (
			);
			dependencies = (
			);
			name = SampleWebViewWithUIScrollViewDelegate;
			productName = SampleWebViewWithUIScrollViewDelegate;
			productReference = 7D7B5A4414936B700016505D /* SampleWebViewWithUIScrollViewDelegate.app */;
			productType = "com.apple.product-type.application";
		};
		7D7B5A6414936B700016505D /* SampleWebViewWithUIScrollViewDelegateTests */ = {
			isa = PBXNativeTarget;
			buildConfigurationList = 7D7B5A7A14936B700016505D /* Build configuration list for PBXNativeTarget "SampleWebViewWithUIScrollViewDelegateTests" */;
			buildPhases = (
				7D7B5A6014936B700016505D /* Sources */,
				7D7B5A6114936B700016505D /* Frameworks */,
				7D7B5A6214936B700016505D /* Resources */,
				7D7B5A6314936B700016505D /* ShellScript */,
			);
			buildRules = (
			);
			dependencies = (
				7D7B5A6B14936B700016505D /* PBXTargetDependency */,
			);
			name = SampleWebViewWithUIScrollViewDelegateTests;
			productName = SampleWebViewWithUIScrollViewDelegateTests;
			productReference = 7D7B5A6514936B700016505D /* SampleWebViewWithUIScrollViewDelegateTests.octest */;
			productType = "com.apple.product-type.bundle";
		};
/* End PBXNativeTarget section */

/* Begin PBXProject section */
		7D7B5A3B14936B700016505D /* Project object */ = {
			isa = PBXProject;
			attributes = {
				LastUpgradeCheck = 0420;
				ORGANIZATIONNAME = "Masaru Sakai";
			};
			buildConfigurationList = 7D7B5A3E14936B700016505D /* Build configuration list for PBXProject "SampleWebViewWithUIScrollViewDelegate" */;
			compatibilityVersion = "Xcode 3.2";
			developmentRegion = English;
			hasScannedForEncodings = 0;
			knownRegions = (
				en,
			);
			mainGroup = 7D7B5A3914936B700016505D;
			productRefGroup = 7D7B5A4514936B700016505D /* Products */;
			projectDirPath = "";
			projectRoot = "";
			targets = (
				7D7B5A4314936B700016505D /* SampleWebViewWithUIScrollViewDelegate */,
				7D7B5A6414936B700016505D /* SampleWebViewWithUIScrollViewDelegateTests */,
			);
		};
/* End PBXProject section */

/* Begin PBXResourcesBuildPhase section */
		7D7B5A4214936B700016505D /* Resources */ = {
			isa = PBXResourcesBuildPhase;
			buildActionMask = 2147483647;
			files = (
				7D7B5A5314936B700016505D /* InfoPlist.strings in Resources */,
				7D7B5A5F14936B700016505D /* ViewController.xib in Resources */,
			);
			runOnlyForDeploymentPostprocessing = 0;
		};
		7D7B5A6214936B700016505D /* Resources */ = {
			isa = PBXResourcesBuildPhase;
			buildActionMask = 2147483647;
			files = (
				7D7B5A7114936B700016505D /* InfoPlist.strings in Resources */,
			);
			runOnlyForDeploymentPostprocessing = 0;
		};
/* End PBXResourcesBuildPhase section */

/* Begin PBXShellScriptBuildPhase section */
		7D7B5A6314936B700016505D /* ShellScript */ = {
			isa = PBXShellScriptBuildPhase;
			buildActionMask = 2147483647;
			files = (
			);
			inputPaths = (
			);
			outputPaths = (
			);
			runOnlyForDeploymentPostprocessing = 0;
			shellPath = /bin/sh;
			shellScript = "# Run the unit tests in this test bundle.\n\"${SYSTEM_DEVELOPER_DIR}/Tools/RunUnitTests\"\n";
		};
/* End PBXShellScriptBuildPhase section */

/* Begin PBXSourcesBuildPhase section */
		7D7B5A4014936B700016505D /* Sources */ = {
			isa = PBXSourcesBuildPhase;
			buildActionMask = 2147483647;
			files = (
				7D7B5A5514936B700016505D /* main.m in Sources */,
				7D7B5A5914936B700016505D /* AppDelegate.m in Sources */,
				7D7B5A5C14936B700016505D /* ViewController.m in Sources */,
			);
			runOnlyForDeploymentPostprocessing = 0;
		};
		7D7B5A6014936B700016505D /* Sources */ = {
			isa = PBXSourcesBuildPhase;
			buildActionMask = 2147483647;
			files = (
				7D7B5A7414936B700016505D /* SampleWebViewWithUIScrollViewDelegateTests.m in Sources */,
			);
			runOnlyForDeploymentPostprocessing = 0;
		};
/* End PBXSourcesBuildPhase section */

/* Begin PBXTargetDependency section */
		7D7B5A6B14936B700016505D /* PBXTargetDependency */ = {
			isa = PBXTargetDependency;
			target = 7D7B5A4314936B700016505D /* SampleWebViewWithUIScrollViewDelegate */;
			targetProxy = 7D7B5A6A14936B700016505D /* PBXContainerItemProxy */;
		};
/* End PBXTargetDependency section */

/* Begin PBXVariantGroup section */
		7D7B5A5114936B700016505D /* InfoPlist.strings */ = {
			isa = PBXVariantGroup;
			children = (
				7D7B5A5214936B700016505D /* en */,
			);
			name = InfoPlist.strings;
			sourceTree = "<group>";
		};
		7D7B5A5D14936B700016505D /* ViewController.xib */ = {
			isa = PBXVariantGroup;
			children = (
				7D7B5A5E14936B700016505D /* en */,
			);
			name = ViewController.xib;
			sourceTree = "<group>";
		};
		7D7B5A6F14936B700016505D /* InfoPlist.strings */ = {
			isa = PBXVariantGroup;
			children = (
				7D7B5A7014936B700016505D /* en */,
			);
			name = InfoPlist.strings;
			sourceTree = "<group>";
		};
/* End PBXVariantGroup section */

/* Begin XCBuildConfiguration section */
		7D7B5A7514936B700016505D /* Debug */ = {
			isa = XCBuildConfiguration;
			buildSettings = {
				ALWAYS_SEARCH_USER_PATHS = NO;
				ARCHS = "$(ARCHS_STANDARD_32_BIT)";
				CLANG_ENABLE_OBJC_ARC = YES;
				"CODE_SIGN_IDENTITY[sdk=iphoneos*]" = "iPhone Developer";
				COPY_PHASE_STRIP = NO;
				GCC_C_LANGUAGE_STANDARD = gnu99;
				GCC_DYNAMIC_NO_PIC = NO;
				GCC_OPTIMIZATION_LEVEL = 0;
				GCC_PREPROCESSOR_DEFINITIONS = (
					"DEBUG=1",
					"$(inherited)",
				);
				GCC_SYMBOLS_PRIVATE_EXTERN = NO;
				GCC_VERSION = com.apple.compilers.llvm.clang.1_0;
				GCC_WARN_ABOUT_MISSING_PROTOTYPES = YES;
				GCC_WARN_ABOUT_RETURN_TYPE = YES;
				GCC_WARN_UNUSED_VARIABLE = YES;
				IPHONEOS_DEPLOYMENT_TARGET = 5.0;
				SDKROOT = iphoneos;
			};
			name = Debug;
		};
		7D7B5A7614936B700016505D /* Release */ = {
			isa = XCBuildConfiguration;
			buildSettings = {
				ALWAYS_SEARCH_USER_PATHS = NO;
				ARCHS = "$(ARCHS_STANDARD_32_BIT)";
				CLANG_ENABLE_OBJC_ARC = YES;
				"CODE_SIGN_IDENTITY[sdk=iphoneos*]" = "iPhone Developer";
				COPY_PHASE_STRIP = YES;
				GCC_C_LANGUAGE_STANDARD = gnu99;
				GCC_VERSION = com.apple.compilers.llvm.clang.1_0;
				GCC_WARN_ABOUT_MISSING_PROTOTYPES = YES;
				GCC_WARN_ABOUT_RETURN_TYPE = YES;
				GCC_WARN_UNUSED_VARIABLE = YES;
				IPHONEOS_DEPLOYMENT_TARGET = 5.0;
				OTHER_CFLAGS = "-DNS_BLOCK_ASSERTIONS=1";
				SDKROOT = iphoneos;
				VALIDATE_PRODUCT = YES;
			};
			name = Release;
		};
		7D7B5A7814936B700016505D /* Debug */ = {
			isa = XCBuildConfiguration;
			buildSettings = {
				GCC_PRECOMPILE_PREFIX_HEADER = YES;
				GCC_PREFIX_HEADER = "SampleWebViewWithUIScrollViewDelegate/SampleWebViewWithUIScrollViewDelegate-Prefix.pch";
				INFOPLIST_FILE = "SampleWebViewWithUIScrollViewDelegate/SampleWebViewWithUIScrollViewDelegate-Info.plist";
				IPHONEOS_DEPLOYMENT_TARGET = 4.3;
				PRODUCT_NAME = "$(TARGET_NAME)";
				WRAPPER_EXTENSION = app;
			};
			name = Debug;
		};
		7D7B5A7914936B700016505D /* Release */ = {
			isa = XCBuildConfiguration;
			buildSettings = {
				GCC_PRECOMPILE_PREFIX_HEADER = YES;
				GCC_PREFIX_HEADER = "SampleWebViewWithUIScrollViewDelegate/SampleWebViewWithUIScrollViewDelegate-Prefix.pch";
				INFOPLIST_FILE = "SampleWebViewWithUIScrollViewDelegate/SampleWebViewWithUIScrollViewDelegate-Info.plist";
				IPHONEOS_DEPLOYMENT_TARGET = 4.3;
				PRODUCT_NAME = "$(TARGET_NAME)";
				WRAPPER_EXTENSION = app;
			};
			name = Release;
		};
		7D7B5A7B14936B700016505D /* Debug */ = {
			isa = XCBuildConfiguration;
			buildSettings = {
				BUNDLE_LOADER = "$(BUILT_PRODUCTS_DIR)/SampleWebViewWithUIScrollViewDelegate.app/SampleWebViewWithUIScrollViewDelegate";
				FRAMEWORK_SEARCH_PATHS = (
					"$(SDKROOT)/Developer/Library/Frameworks",
					"$(DEVELOPER_LIBRARY_DIR)/Frameworks",
				);
				GCC_PRECOMPILE_PREFIX_HEADER = YES;
				GCC_PREFIX_HEADER = "SampleWebViewWithUIScrollViewDelegate/SampleWebViewWithUIScrollViewDelegate-Prefix.pch";
				INFOPLIST_FILE = "SampleWebViewWithUIScrollViewDelegateTests/SampleWebViewWithUIScrollViewDelegateTests-Info.plist";
				PRODUCT_NAME = "$(TARGET_NAME)";
				TEST_HOST = "$(BUNDLE_LOADER)";
				WRAPPER_EXTENSION = octest;
			};
			name = Debug;
		};
		7D7B5A7C14936B700016505D /* Release */ = {
			isa = XCBuildConfiguration;
			buildSettings = {
				BUNDLE_LOADER = "$(BUILT_PRODUCTS_DIR)/SampleWebViewWithUIScrollViewDelegate.app/SampleWebViewWithUIScrollViewDelegate";
				FRAMEWORK_SEARCH_PATHS = (
					"$(SDKROOT)/Developer/Library/Frameworks",
					"$(DEVELOPER_LIBRARY_DIR)/Frameworks",
				);
				GCC_PRECOMPILE_PREFIX_HEADER = YES;
				GCC_PREFIX_HEADER = "SampleWebViewWithUIScrollViewDelegate/SampleWebViewWithUIScrollViewDelegate-Prefix.pch";
				INFOPLIST_FILE = "SampleWebViewWithUIScrollViewDelegateTests/SampleWebViewWithUIScrollViewDelegateTests-Info.plist";
				PRODUCT_NAME = "$(TARGET_NAME)";
				TEST_HOST = "$(BUNDLE_LOADER)";
				WRAPPER_EXTENSION = octest;
			};
			name = Release;
		};
/* End XCBuildConfiguration section */

/* Begin XCConfigurationList section */
		7D7B5A3E14936B700016505D /* Build configuration list for PBXProject "SampleWebViewWithUIScrollViewDelegate" */ = {
			isa = XCConfigurationList;
			buildConfigurations = (
				7D7B5A7514936B700016505D /* Debug */,
				7D7B5A7614936B700016505D /* Release */,
			);
			defaultConfigurationIsVisible = 0;
			defaultConfigurationName = Release;
		};
		7D7B5A7714936B700016505D /* Build configuration list for PBXNativeTarget "SampleWebViewWithUIScrollViewDelegate" */ = {
			isa = XCConfigurationList;
			buildConfigurations = (
				7D7B5A7814936B700016505D /* Debug */,
				7D7B5A7914936B700016505D /* Release */,
			);
			defaultConfigurationIsVisible = 0;
		};
		7D7B5A7A14936B700016505D /* Build configuration list for PBXNativeTarget "SampleWebViewWithUIScrollViewDelegateTests" */ = {
			isa = XCConfigurationList;
			buildConfigurations = (
				7D7B5A7B14936B700016505D /* Debug */,
				7D7B5A7C14936B700016505D /* Release */,
			);
			defaultConfigurationIsVisible = 0;
		};
/* End XCConfigurationList section */
	};
	rootObject = 7D7B5A3B14936B700016505D /* Project object */;
}
